
Microsoft Visual Studio Solution File, Format Version 12.00
# Visual Studio Version 16
VisualStudioVersion = 16.0.31727.386
MinimumVisualStudioVersion = 10.0.40219.1
Project("{FAE04EC0-301F-11D3-BF4B-00C04F79EFBC}") = "Aula1", "Aula1.csproj", "{62AE1343-7AD8-40A4-BD8D-D85EE586EF99}"
EndProject
Global
	GlobalSection(SolutionConfigurationPlatforms) = preSolution
		Debug|Any CPU = Debug|Any CPU
		Release|Any CPU = Release|Any CPU
	EndGlobalSection
	GlobalSection(ProjectConfigurationPlatforms) = postSolution
		{62AE1343-7AD8-40A4-BD8D-D85EE586EF99}.Debug|Any CPU.ActiveCfg = Debug|Any CPU
		{62AE1343-7AD8-40A4-BD8D-D85EE586EF99}.Debug|Any CPU.Build.0 = Debug|Any CPU
		{62AE1343-7AD8-40A4-BD8D-D85EE586EF99}.Release|Any CPU.ActiveCfg = Release|Any CPU
		{62AE1343-7AD8-40A4-BD8D-D85EE586EF99}.Release|Any CPU.Build.0 = Release|Any CPU
	EndGlobalSection
	GlobalSection(SolutionProperties) = preSolution
		HideSolutionNode = FALSE
	EndGlobalSection
	GlobalSection(ExtensibilityGlobals) = postSolution
		SolutionGuid = {119738A7-44AC-40CB-83C2-128A90F8C53D}
	EndGlobalSection
EndGlobal
